
Microsoft Visual Studio Solution File, Format Version 12.00
# Visual Studio Version 17
VisualStudioVersion = 17.4.33205.214
MinimumVisualStudioVersion = 10.0.40219.1
Project("{9A19103F-16F7-4668-BE54-9A1E7A4F7556}") = "GymMGT", "GymMGT\GymMGT.csproj", "{417B259C-25FB-499A-B1FE-F568BB1132E7}"
EndProject
Project("{FAE04EC0-301F-11D3-BF4B-00C04F79EFBC}") = "RDLC", "RDLC\RDLC.csproj", "{7B81F5DB-AF46-44EE-B009-86C8191FBAE6}"
EndProject
Global
	GlobalSection(SolutionConfigurationPlatforms) = preSolution
		Debug|Any CPU = Debug|Any CPU
		Release|Any CPU = Release|Any CPU
	EndGlobalSection
	GlobalSection(ProjectConfigurationPlatforms) = postSolution
		{417B259C-25FB-499A-B1FE-F568BB1132E7}.Debug|Any CPU.ActiveCfg = Debug|Any CPU
		{417B259C-25FB-499A-B1FE-F568BB1132E7}.Debug|Any CPU.Build.0 = Debug|Any CPU
		{417B259C-25FB-499A-B1FE-F568BB1132E7}.Release|Any CPU.ActiveCfg = Release|Any CPU
		{417B259C-25FB-499A-B1FE-F568BB1132E7}.Release|Any CPU.Build.0 = Release|Any CPU
		{7B81F5DB-AF46-44EE-B009-86C8191FBAE6}.Debug|Any CPU.ActiveCfg = Debug|Any CPU
		{7B81F5DB-AF46-44EE-B009-86C8191FBAE6}.Debug|Any CPU.Build.0 = Debug|Any CPU
		{7B81F5DB-AF46-44EE-B009-86C8191FBAE6}.Release|Any CPU.ActiveCfg = Release|Any CPU
		{7B81F5DB-AF46-44EE-B009-86C8191FBAE6}.Release|Any CPU.Build.0 = Release|Any CPU
	EndGlobalSection
	GlobalSection(SolutionProperties) = preSolution
		HideSolutionNode = FALSE
	EndGlobalSection
	GlobalSection(ExtensibilityGlobals) = postSolution
		SolutionGuid = {3B7AC951-0791-4AAC-9753-F58C128B44B8}
	EndGlobalSection
EndGlobal
